
Microsoft Visual Studio Solution File, Format Version 12.00
# Visual Studio Version 17
VisualStudioVersion = 17.3.32929.385
MinimumVisualStudioVersion = 10.0.40219.1
Project("{9A19103F-16F7-4668-BE54-9A1E7A4F7556}") = "AspNetCore.Authentication.Basic", "src\AspNetCore.Authentication.Basic\AspNetCore.Authentication.Basic.csproj", "{B934919F-9934-4A00-979E-329041C4FA2D}"
EndProject
Project("{FAE04EC0-301F-11D3-BF4B-00C04F79EFBC}") = "AspNetCore.Authentication.Tests", "tests\AspNetCore.Authentication.Tests\AspNetCore.Authentication.Tests.csproj", "{CEF61901-504A-422D-BB10-499F7C650307}"
EndProject
Global
	GlobalSection(SolutionConfigurationPlatforms) = preSolution
		Debug|Any CPU = Debug|Any CPU
		Release|Any CPU = Release|Any CPU
	EndGlobalSection
	GlobalSection(ProjectConfigurationPlatforms) = postSolution
		{B934919F-9934-4A00-979E-329041C4FA2D}.Debug|Any CPU.ActiveCfg = Debug|Any CPU
		{B934919F-9934-4A00-979E-329041C4FA2D}.Debug|Any CPU.Build.0 = Debug|Any CPU
		{B934919F-9934-4A00-979E-329041C4FA2D}.Release|Any CPU.ActiveCfg = Release|Any CPU
		{B934919F-9934-4A00-979E-329041C4FA2D}.Release|Any CPU.Build.0 = Release|Any CPU
		{CEF61901-504A-422D-BB10-499F7C650307}.Debug|Any CPU.ActiveCfg = Debug|Any CPU
		{CEF61901-504A-422D-BB10-499F7C650307}.Debug|Any CPU.Build.0 = Debug|Any CPU
		{CEF61901-504A-422D-BB10-499F7C650307}.Release|Any CPU.ActiveCfg = Release|Any CPU
		{CEF61901-504A-422D-BB10-499F7C650307}.Release|Any CPU.Build.0 = Release|Any CPU
	EndGlobalSection
	GlobalSection(SolutionProperties) = preSolution
		HideSolutionNode = FALSE
	EndGlobalSection
	GlobalSection(ExtensibilityGlobals) = postSolution
		SolutionGuid = {0C07F8E6-8B87-4755-AD74-484A4F5D89A2}
	EndGlobalSection
EndGlobal
